
Microsoft Visual Studio Solution File, Format Version 12.00
# Visual Studio Version 16
VisualStudioVersion = 16.0.29519.87
MinimumVisualStudioVersion = 10.0.40219.1
Project("{9A19103F-16F7-4668-BE54-9A1E7A4F7556}") = "HealthCloud.Web", "HealthCloud.Web\HealthCloud.Web.csproj", "{3B6C4F7C-D5B6-4DE8-BA24-6BBFE8C0F434}"
EndProject
Project("{FAE04EC0-301F-11D3-BF4B-00C04F79EFBC}") = "HealthCloud.Lib", "HealthCloud.Lib\HealthCloud.Lib.csproj", "{CA54A3D0-0F16-4554-A1D7-8DD928DA43C4}"
EndProject
Project("{FAE04EC0-301F-11D3-BF4B-00C04F79EFBC}") = "HealthCloud.Lib.Tests", "HealthCloud.Lib.Tests\HealthCloud.Lib.Tests.csproj", "{213484E0-F19E-4300-80BC-C29AE55E5599}"
EndProject
Global
	GlobalSection(SolutionConfigurationPlatforms) = preSolution
		Debug|Any CPU = Debug|Any CPU
		Release|Any CPU = Release|Any CPU
	EndGlobalSection
	GlobalSection(ProjectConfigurationPlatforms) = postSolution
		{3B6C4F7C-D5B6-4DE8-BA24-6BBFE8C0F434}.Debug|Any CPU.ActiveCfg = Debug|Any CPU
		{3B6C4F7C-D5B6-4DE8-BA24-6BBFE8C0F434}.Debug|Any CPU.Build.0 = Debug|Any CPU
		{3B6C4F7C-D5B6-4DE8-BA24-6BBFE8C0F434}.Release|Any CPU.ActiveCfg = Release|Any CPU
		{3B6C4F7C-D5B6-4DE8-BA24-6BBFE8C0F434}.Release|Any CPU.Build.0 = Release|Any CPU
		{CA54A3D0-0F16-4554-A1D7-8DD928DA43C4}.Debug|Any CPU.ActiveCfg = Debug|Any CPU
		{CA54A3D0-0F16-4554-A1D7-8DD928DA43C4}.Debug|Any CPU.Build.0 = Debug|Any CPU
		{CA54A3D0-0F16-4554-A1D7-8DD928DA43C4}.Release|Any CPU.ActiveCfg = Release|Any CPU
		{CA54A3D0-0F16-4554-A1D7-8DD928DA43C4}.Release|Any CPU.Build.0 = Release|Any CPU
		{213484E0-F19E-4300-80BC-C29AE55E5599}.Debug|Any CPU.ActiveCfg = Debug|Any CPU
		{213484E0-F19E-4300-80BC-C29AE55E5599}.Debug|Any CPU.Build.0 = Debug|Any CPU
		{213484E0-F19E-4300-80BC-C29AE55E5599}.Release|Any CPU.ActiveCfg = Release|Any CPU
		{213484E0-F19E-4300-80BC-C29AE55E5599}.Release|Any CPU.Build.0 = Release|Any CPU
	EndGlobalSection
	GlobalSection(SolutionProperties) = preSolution
		HideSolutionNode = FALSE
	EndGlobalSection
	GlobalSection(ExtensibilityGlobals) = postSolution
		SolutionGuid = {24DF8A69-A0C5-4D8E-B304-50EBDB24FB3A}
	EndGlobalSection
EndGlobal
